
Microsoft Visual Studio Solution File, Format Version 12.00
# Visual Studio Version 16
VisualStudioVersion = 16.0.31729.503
MinimumVisualStudioVersion = 10.0.40219.1
Project("{FAE04EC0-301F-11D3-BF4B-00C04F79EFBC}") = "SodaDispenser.Android", "SodaDispenser\SodaDispenser.Android\SodaDispenser.Android.csproj", "{08923E40-019E-44AD-A98D-529823C75344}"
EndProject
Project("{FAE04EC0-301F-11D3-BF4B-00C04F79EFBC}") = "SodaDispenser", "SodaDispenser\SodaDispenser\SodaDispenser.csproj", "{642C726F-3DA8-4EFA-A2B1-BBA2F19FFF07}"
EndProject
Global
	GlobalSection(SolutionConfigurationPlatforms) = preSolution
		Debug|Any CPU = Debug|Any CPU
		Release|Any CPU = Release|Any CPU
	EndGlobalSection
	GlobalSection(ProjectConfigurationPlatforms) = postSolution
		{08923E40-019E-44AD-A98D-529823C75344}.Debug|Any CPU.ActiveCfg = Debug|Any CPU
		{08923E40-019E-44AD-A98D-529823C75344}.Debug|Any CPU.Build.0 = Debug|Any CPU
		{08923E40-019E-44AD-A98D-529823C75344}.Debug|Any CPU.Deploy.0 = Debug|Any CPU
		{08923E40-019E-44AD-A98D-529823C75344}.Release|Any CPU.ActiveCfg = Release|Any CPU
		{08923E40-019E-44AD-A98D-529823C75344}.Release|Any CPU.Build.0 = Release|Any CPU
		{08923E40-019E-44AD-A98D-529823C75344}.Release|Any CPU.Deploy.0 = Release|Any CPU
		{642C726F-3DA8-4EFA-A2B1-BBA2F19FFF07}.Debug|Any CPU.ActiveCfg = Debug|Any CPU
		{642C726F-3DA8-4EFA-A2B1-BBA2F19FFF07}.Debug|Any CPU.Build.0 = Debug|Any CPU
		{642C726F-3DA8-4EFA-A2B1-BBA2F19FFF07}.Debug|Any CPU.Deploy.0 = Debug|Any CPU
		{642C726F-3DA8-4EFA-A2B1-BBA2F19FFF07}.Release|Any CPU.ActiveCfg = Release|Any CPU
		{642C726F-3DA8-4EFA-A2B1-BBA2F19FFF07}.Release|Any CPU.Build.0 = Release|Any CPU
		{642C726F-3DA8-4EFA-A2B1-BBA2F19FFF07}.Release|Any CPU.Deploy.0 = Release|Any CPU
	EndGlobalSection
	GlobalSection(SolutionProperties) = preSolution
		HideSolutionNode = FALSE
	EndGlobalSection
	GlobalSection(ExtensibilityGlobals) = postSolution
		SolutionGuid = {6578964D-E72E-40DC-BB3E-5B18610DB25C}
	EndGlobalSection
EndGlobal
